
Microsoft Visual Studio Solution File, Format Version 12.00
# Visual Studio 15
VisualStudioVersion = 15.0.28307.1082
MinimumVisualStudioVersion = 10.0.40219.1
Project("{FAE04EC0-301F-11D3-BF4B-00C04F79EFBC}") = "Navi", "Navi\Navi.csproj", "{86397B41-702D-43D1-BA3A-88BAF9BCB08C}"
EndProject
Global
	GlobalSection(SolutionConfigurationPlatforms) = preSolution
		Debug|Any CPU = Debug|Any CPU
		Release|Any CPU = Release|Any CPU
	EndGlobalSection
	GlobalSection(ProjectConfigurationPlatforms) = postSolution
		{86397B41-702D-43D1-BA3A-88BAF9BCB08C}.Debug|Any CPU.ActiveCfg = Debug|Any CPU
		{86397B41-702D-43D1-BA3A-88BAF9BCB08C}.Debug|Any CPU.Build.0 = Debug|Any CPU
		{86397B41-702D-43D1-BA3A-88BAF9BCB08C}.Release|Any CPU.ActiveCfg = Release|Any CPU
		{86397B41-702D-43D1-BA3A-88BAF9BCB08C}.Release|Any CPU.Build.0 = Release|Any CPU
	EndGlobalSection
	GlobalSection(SolutionProperties) = preSolution
		HideSolutionNode = FALSE
	EndGlobalSection
	GlobalSection(ExtensibilityGlobals) = postSolution
		SolutionGuid = {733A09E8-3990-451D-B4B6-EA04ADE55662}
	EndGlobalSection
EndGlobal
